
Microsoft Visual Studio Solution File, Format Version 12.00
# Visual Studio Version 16
VisualStudioVersion = 16.0.29728.190
MinimumVisualStudioVersion = 10.0.40219.1
Project("{FAE04EC0-301F-11D3-BF4B-00C04F79EFBC}") = "Downloader", "Downloader\Downloader.csproj", "{71E2BEA0-F551-43B0-A85D-0F498F6CF3CD}"
EndProject
Global
	GlobalSection(SolutionConfigurationPlatforms) = preSolution
		Debug|Any CPU = Debug|Any CPU
		Release|Any CPU = Release|Any CPU
	EndGlobalSection
	GlobalSection(ProjectConfigurationPlatforms) = postSolution
		{71E2BEA0-F551-43B0-A85D-0F498F6CF3CD}.Debug|Any CPU.ActiveCfg = Debug|Any CPU
		{71E2BEA0-F551-43B0-A85D-0F498F6CF3CD}.Debug|Any CPU.Build.0 = Debug|Any CPU
		{71E2BEA0-F551-43B0-A85D-0F498F6CF3CD}.Release|Any CPU.ActiveCfg = Release|Any CPU
		{71E2BEA0-F551-43B0-A85D-0F498F6CF3CD}.Release|Any CPU.Build.0 = Release|Any CPU
	EndGlobalSection
	GlobalSection(SolutionProperties) = preSolution
		HideSolutionNode = FALSE
	EndGlobalSection
	GlobalSection(ExtensibilityGlobals) = postSolution
		SolutionGuid = {D170CB11-5CE7-4ABA-B5A2-C460BFA2C43B}
	EndGlobalSection
EndGlobal
